
Microsoft Visual Studio Solution File, Format Version 12.00
# Visual Studio 2013
VisualStudioVersion = 12.0.31101.0
MinimumVisualStudioVersion = 10.0.40219.1
Project("{FAE04EC0-301F-11D3-BF4B-00C04F79EFBC}") = "ModuleDesign", "ModuleDesign\ModuleDesign.csproj", "{F97EF3EE-5605-474F-821E-3874B3B169D2}"
EndProject
Project("{FAE04EC0-301F-11D3-BF4B-00C04F79EFBC}") = "ModuleDesign.Web", "ModuleDesign.Web\ModuleDesign.Web.csproj", "{8E9ABC2D-EBC6-4ACA-82F9-4D8CA94092F6}"
EndProject
Project("{FAE04EC0-301F-11D3-BF4B-00C04F79EFBC}") = "TestModule", "Test\TestModule.csproj", "{86F340A1-354C-4208-BA8B-B83B1A60C564}"
EndProject
Project("{FAE04EC0-301F-11D3-BF4B-00C04F79EFBC}") = "ComponentDesign", "ComponentDesign\ComponentDesign.csproj", "{8E944D93-6A08-410F-8E1C-4EF24D833967}"
EndProject
Project("{FAE04EC0-301F-11D3-BF4B-00C04F79EFBC}") = "TestComponent", "TestComponent\TestComponent.csproj", "{43CC2718-90E7-43F1-9A0E-664858AEE90C}"
EndProject
Global
	GlobalSection(SolutionConfigurationPlatforms) = preSolution
		Debug|Any CPU = Debug|Any CPU
		Release|Any CPU = Release|Any CPU
	EndGlobalSection
	GlobalSection(ProjectConfigurationPlatforms) = postSolution
		{F97EF3EE-5605-474F-821E-3874B3B169D2}.Debug|Any CPU.ActiveCfg = Debug|Any CPU
		{F97EF3EE-5605-474F-821E-3874B3B169D2}.Debug|Any CPU.Build.0 = Debug|Any CPU
		{F97EF3EE-5605-474F-821E-3874B3B169D2}.Release|Any CPU.ActiveCfg = Release|Any CPU
		{F97EF3EE-5605-474F-821E-3874B3B169D2}.Release|Any CPU.Build.0 = Release|Any CPU
		{8E9ABC2D-EBC6-4ACA-82F9-4D8CA94092F6}.Debug|Any CPU.ActiveCfg = Debug|Any CPU
		{8E9ABC2D-EBC6-4ACA-82F9-4D8CA94092F6}.Debug|Any CPU.Build.0 = Debug|Any CPU
		{8E9ABC2D-EBC6-4ACA-82F9-4D8CA94092F6}.Release|Any CPU.ActiveCfg = Release|Any CPU
		{8E9ABC2D-EBC6-4ACA-82F9-4D8CA94092F6}.Release|Any CPU.Build.0 = Release|Any CPU
		{86F340A1-354C-4208-BA8B-B83B1A60C564}.Debug|Any CPU.ActiveCfg = Debug|Any CPU
		{86F340A1-354C-4208-BA8B-B83B1A60C564}.Debug|Any CPU.Build.0 = Debug|Any CPU
		{86F340A1-354C-4208-BA8B-B83B1A60C564}.Release|Any CPU.ActiveCfg = Release|Any CPU
		{86F340A1-354C-4208-BA8B-B83B1A60C564}.Release|Any CPU.Build.0 = Release|Any CPU
		{8E944D93-6A08-410F-8E1C-4EF24D833967}.Debug|Any CPU.ActiveCfg = Debug|Any CPU
		{8E944D93-6A08-410F-8E1C-4EF24D833967}.Debug|Any CPU.Build.0 = Debug|Any CPU
		{8E944D93-6A08-410F-8E1C-4EF24D833967}.Release|Any CPU.ActiveCfg = Release|Any CPU
		{8E944D93-6A08-410F-8E1C-4EF24D833967}.Release|Any CPU.Build.0 = Release|Any CPU
		{43CC2718-90E7-43F1-9A0E-664858AEE90C}.Debug|Any CPU.ActiveCfg = Debug|Any CPU
		{43CC2718-90E7-43F1-9A0E-664858AEE90C}.Debug|Any CPU.Build.0 = Debug|Any CPU
		{43CC2718-90E7-43F1-9A0E-664858AEE90C}.Release|Any CPU.ActiveCfg = Release|Any CPU
		{43CC2718-90E7-43F1-9A0E-664858AEE90C}.Release|Any CPU.Build.0 = Release|Any CPU
	EndGlobalSection
	GlobalSection(SolutionProperties) = preSolution
		HideSolutionNode = FALSE
	EndGlobalSection
EndGlobal
